
Microsoft Visual Studio Solution File, Format Version 12.00
# Visual Studio Version 17
VisualStudioVersion = 17.0.31903.59
MinimumVisualStudioVersion = 10.0.40219.1
Project("{2150E333-8FDC-42A3-9474-1A3956D46DE8}") = "src", "src", "{827E0CD3-B72D-47B6-A68D-7590B98EB39B}"
EndProject
Project("{FAE04EC0-301F-11D3-BF4B-00C04F79EFBC}") = "OrderFlow.API", "src\OrderFlow.API\OrderFlow.API.csproj", "{E4EF5ADB-8619-4E53-B61A-2C167E0BA824}"
EndProject
Project("{FAE04EC0-301F-11D3-BF4B-00C04F79EFBC}") = "OrderFlow.Application", "src\OrderFlow.Application\OrderFlow.Application.csproj", "{5C2E089C-F3D1-44C7-B0E0-28781C40D2A0}"
EndProject
Project("{FAE04EC0-301F-11D3-BF4B-00C04F79EFBC}") = "OrderFlow.Domain", "src\OrderFlow.Domain\OrderFlow.Domain.csproj", "{344998F0-0EE8-462C-841B-D66BDB92BA16}"
EndProject
Project("{FAE04EC0-301F-11D3-BF4B-00C04F79EFBC}") = "OrderFlow.Infrastructure", "src\OrderFlow.Infrastructure\OrderFlow.Infrastructure.csproj", "{F3AD20F3-3859-48D7-AD33-D5BD0F87D739}"
EndProject
Project("{2150E333-8FDC-42A3-9474-1A3956D46DE8}") = "tests", "tests", "{0AB3BF05-4346-4AA6-1389-037BE0695223}"
EndProject
Project("{FAE04EC0-301F-11D3-BF4B-00C04F79EFBC}") = "OrderFlow.UnitTests", "tests\OrderFlow.UnitTests\OrderFlow.UnitTests.csproj", "{3CCC400B-9343-4069-8D0C-16485B9A6A01}"
EndProject
Global
	GlobalSection(SolutionConfigurationPlatforms) = preSolution
		Debug|Any CPU = Debug|Any CPU
		Debug|x64 = Debug|x64
		Debug|x86 = Debug|x86
		Release|Any CPU = Release|Any CPU
		Release|x64 = Release|x64
		Release|x86 = Release|x86
	EndGlobalSection
	GlobalSection(ProjectConfigurationPlatforms) = postSolution
		{E4EF5ADB-8619-4E53-B61A-2C167E0BA824}.Debug|Any CPU.ActiveCfg = Debug|Any CPU
		{E4EF5ADB-8619-4E53-B61A-2C167E0BA824}.Debug|Any CPU.Build.0 = Debug|Any CPU
		{E4EF5ADB-8619-4E53-B61A-2C167E0BA824}.Debug|x64.ActiveCfg = Debug|Any CPU
		{E4EF5ADB-8619-4E53-B61A-2C167E0BA824}.Debug|x64.Build.0 = Debug|Any CPU
		{E4EF5ADB-8619-4E53-B61A-2C167E0BA824}.Debug|x86.ActiveCfg = Debug|Any CPU
		{E4EF5ADB-8619-4E53-B61A-2C167E0BA824}.Debug|x86.Build.0 = Debug|Any CPU
		{E4EF5ADB-8619-4E53-B61A-2C167E0BA824}.Release|Any CPU.ActiveCfg = Release|Any CPU
		{E4EF5ADB-8619-4E53-B61A-2C167E0BA824}.Release|Any CPU.Build.0 = Release|Any CPU
		{E4EF5ADB-8619-4E53-B61A-2C167E0BA824}.Release|x64.ActiveCfg = Release|Any CPU
		{E4EF5ADB-8619-4E53-B61A-2C167E0BA824}.Release|x64.Build.0 = Release|Any CPU
		{E4EF5ADB-8619-4E53-B61A-2C167E0BA824}.Release|x86.ActiveCfg = Release|Any CPU
		{E4EF5ADB-8619-4E53-B61A-2C167E0BA824}.Release|x86.Build.0 = Release|Any CPU
		{5C2E089C-F3D1-44C7-B0E0-28781C40D2A0}.Debug|Any CPU.ActiveCfg = Debug|Any CPU
		{5C2E089C-F3D1-44C7-B0E0-28781C40D2A0}.Debug|Any CPU.Build.0 = Debug|Any CPU
		{5C2E089C-F3D1-44C7-B0E0-28781C40D2A0}.Debug|x64.ActiveCfg = Debug|Any CPU
		{5C2E089C-F3D1-44C7-B0E0-28781C40D2A0}.Debug|x64.Build.0 = Debug|Any CPU
		{5C2E089C-F3D1-44C7-B0E0-28781C40D2A0}.Debug|x86.ActiveCfg = Debug|Any CPU
		{5C2E089C-F3D1-44C7-B0E0-28781C40D2A0}.Debug|x86.Build.0 = Debug|Any CPU
		{5C2E089C-F3D1-44C7-B0E0-28781C40D2A0}.Release|Any CPU.ActiveCfg = Release|Any CPU
		{5C2E089C-F3D1-44C7-B0E0-28781C40D2A0}.Release|Any CPU.Build.0 = Release|Any CPU
		{5C2E089C-F3D1-44C7-B0E0-28781C40D2A0}.Release|x64.ActiveCfg = Release|Any CPU
		{5C2E089C-F3D1-44C7-B0E0-28781C40D2A0}.Release|x64.Build.0 = Release|Any CPU
		{5C2E089C-F3D1-44C7-B0E0-28781C40D2A0}.Release|x86.ActiveCfg = Release|Any CPU
		{5C2E089C-F3D1-44C7-B0E0-28781C40D2A0}.Release|x86.Build.0 = Release|Any CPU
		{344998F0-0EE8-462C-841B-D66BDB92BA16}.Debug|Any CPU.ActiveCfg = Debug|Any CPU
		{344998F0-0EE8-462C-841B-D66BDB92BA16}.Debug|Any CPU.Build.0 = Debug|Any CPU
		{344998F0-0EE8-462C-841B-D66BDB92BA16}.Debug|x64.ActiveCfg = Debug|Any CPU
		{344998F0-0EE8-462C-841B-D66BDB92BA16}.Debug|x64.Build.0 = Debug|Any CPU
		{344998F0-0EE8-462C-841B-D66BDB92BA16}.Debug|x86.ActiveCfg = Debug|Any CPU
		{344998F0-0EE8-462C-841B-D66BDB92BA16}.Debug|x86.Build.0 = Debug|Any CPU
		{344998F0-0EE8-462C-841B-D66BDB92BA16}.Release|Any CPU.ActiveCfg = Release|Any CPU
		{344998F0-0EE8-462C-841B-D66BDB92BA16}.Release|Any CPU.Build.0 = Release|Any CPU
		{344998F0-0EE8-462C-841B-D66BDB92BA16}.Release|x64.ActiveCfg = Release|Any CPU
		{344998F0-0EE8-462C-841B-D66BDB92BA16}.Release|x64.Build.0 = Release|Any CPU
		{344998F0-0EE8-462C-841B-D66BDB92BA16}.Release|x86.ActiveCfg = Release|Any CPU
		{344998F0-0EE8-462C-841B-D66BDB92BA16}.Release|x86.Build.0 = Release|Any CPU
		{F3AD20F3-3859-48D7-AD33-D5BD0F87D739}.Debug|Any CPU.ActiveCfg = Debug|Any CPU
		{F3AD20F3-3859-48D7-AD33-D5BD0F87D739}.Debug|Any CPU.Build.0 = Debug|Any CPU
		{F3AD20F3-3859-48D7-AD33-D5BD0F87D739}.Debug|x64.ActiveCfg = Debug|Any CPU
		{F3AD20F3-3859-48D7-AD33-D5BD0F87D739}.Debug|x64.Build.0 = Debug|Any CPU
		{F3AD20F3-3859-48D7-AD33-D5BD0F87D739}.Debug|x86.ActiveCfg = Debug|Any CPU
		{F3AD20F3-3859-48D7-AD33-D5BD0F87D739}.Debug|x86.Build.0 = Debug|Any CPU
		{F3AD20F3-3859-48D7-AD33-D5BD0F87D739}.Release|Any CPU.ActiveCfg = Release|Any CPU
		{F3AD20F3-3859-48D7-AD33-D5BD0F87D739}.Release|Any CPU.Build.0 = Release|Any CPU
		{F3AD20F3-3859-48D7-AD33-D5BD0F87D739}.Release|x64.ActiveCfg = Release|Any CPU
		{F3AD20F3-3859-48D7-AD33-D5BD0F87D739}.Release|x64.Build.0 = Release|Any CPU
		{F3AD20F3-3859-48D7-AD33-D5BD0F87D739}.Release|x86.ActiveCfg = Release|Any CPU
		{F3AD20F3-3859-48D7-AD33-D5BD0F87D739}.Release|x86.Build.0 = Release|Any CPU
		{3CCC400B-9343-4069-8D0C-16485B9A6A01}.Debug|Any CPU.ActiveCfg = Debug|Any CPU
		{3CCC400B-9343-4069-8D0C-16485B9A6A01}.Debug|Any CPU.Build.0 = Debug|Any CPU
		{3CCC400B-9343-4069-8D0C-16485B9A6A01}.Debug|x64.ActiveCfg = Debug|Any CPU
		{3CCC400B-9343-4069-8D0C-16485B9A6A01}.Debug|x64.Build.0 = Debug|Any CPU
		{3CCC400B-9343-4069-8D0C-16485B9A6A01}.Debug|x86.ActiveCfg = Debug|Any CPU
		{3CCC400B-9343-4069-8D0C-16485B9A6A01}.Debug|x86.Build.0 = Debug|Any CPU
		{3CCC400B-9343-4069-8D0C-16485B9A6A01}.Release|Any CPU.ActiveCfg = Release|Any CPU
		{3CCC400B-9343-4069-8D0C-16485B9A6A01}.Release|Any CPU.Build.0 = Release|Any CPU
		{3CCC400B-9343-4069-8D0C-16485B9A6A01}.Release|x64.ActiveCfg = Release|Any CPU
		{3CCC400B-9343-4069-8D0C-16485B9A6A01}.Release|x64.Build.0 = Release|Any CPU
		{3CCC400B-9343-4069-8D0C-16485B9A6A01}.Release|x86.ActiveCfg = Release|Any CPU
		{3CCC400B-9343-4069-8D0C-16485B9A6A01}.Release|x86.Build.0 = Release|Any CPU
	EndGlobalSection
	GlobalSection(SolutionProperties) = preSolution
		HideSolutionNode = FALSE
	EndGlobalSection
	GlobalSection(NestedProjects) = preSolution
		{E4EF5ADB-8619-4E53-B61A-2C167E0BA824} = {827E0CD3-B72D-47B6-A68D-7590B98EB39B}
		{5C2E089C-F3D1-44C7-B0E0-28781C40D2A0} = {827E0CD3-B72D-47B6-A68D-7590B98EB39B}
		{344998F0-0EE8-462C-841B-D66BDB92BA16} = {827E0CD3-B72D-47B6-A68D-7590B98EB39B}
		{F3AD20F3-3859-48D7-AD33-D5BD0F87D739} = {827E0CD3-B72D-47B6-A68D-7590B98EB39B}
		{3CCC400B-9343-4069-8D0C-16485B9A6A01} = {0AB3BF05-4346-4AA6-1389-037BE0695223}
	EndGlobalSection
EndGlobal
